
Microsoft Visual Studio Solution File, Format Version 11.00
# Visual Studio 2010
Project("{FAE04EC0-301F-11D3-BF4B-00C04F79EFBC}") = "ISM.Template", "ISM.Template.csproj", "{32C524D2-40B8-4F2C-815F-23C9754876D4}"
EndProject
Global
	GlobalSection(SolutionConfigurationPlatforms) = preSolution
		Debug|Any CPU = Debug|Any CPU
		Release|Any CPU = Release|Any CPU
	EndGlobalSection
	GlobalSection(ProjectConfigurationPlatforms) = postSolution
		{32C524D2-40B8-4F2C-815F-23C9754876D4}.Debug|Any CPU.ActiveCfg = Debug|Any CPU
		{32C524D2-40B8-4F2C-815F-23C9754876D4}.Debug|Any CPU.Build.0 = Debug|Any CPU
		{32C524D2-40B8-4F2C-815F-23C9754876D4}.Release|Any CPU.ActiveCfg = Release|Any CPU
		{32C524D2-40B8-4F2C-815F-23C9754876D4}.Release|Any CPU.Build.0 = Release|Any CPU
	EndGlobalSection
	GlobalSection(SolutionProperties) = preSolution
		HideSolutionNode = FALSE
	EndGlobalSection
EndGlobal
