
Microsoft Visual Studio Solution File, Format Version 11.00
# Visual Studio 2010
Project("{FAE04EC0-301F-11D3-BF4B-00C04F79EFBC}") = "InfoPos", "InfoPos.csproj", "{7B5240CF-6AFE-4498-9FB3-A1F3496B7906}"
EndProject
Project("{FAE04EC0-301F-11D3-BF4B-00C04F79EFBC}") = "InfoPos.fo_Order", "..\InfoPos.fo_Order\InfoPos.fo_Order.csproj", "{C9AF5BB4-E9CF-4D97-95E1-1698F7B9C1EA}"
EndProject
Project("{FAE04EC0-301F-11D3-BF4B-00C04F79EFBC}") = "InfoPos.fo_panels", "..\InfoPos.fo_Panels\InfoPos.fo_panels.csproj", "{F6D872EB-3950-4361-8EB8-B750E1BC7383}"
EndProject
Project("{FAE04EC0-301F-11D3-BF4B-00C04F79EFBC}") = "InfoPos.fo_Cash", "..\InfoPos.fo_Sales\InfoPos.fo_Cash.csproj", "{627EFF80-FCE1-4E0D-92FA-32BCA0E2F978}"
EndProject
Project("{FAE04EC0-301F-11D3-BF4B-00C04F79EFBC}") = "InfoPos.fo_schd", "..\InfoPos.fo_schd\InfoPos.fo_schd.csproj", "{C1AEE420-DCDF-4001-886E-61843B7938A8}"
EndProject
Project("{FAE04EC0-301F-11D3-BF4B-00C04F79EFBC}") = "IPOS.Cash", "..\IPOS.Cash\IPOS.Cash.csproj", "{F422E4EA-D98A-4D5C-8397-0BEA89F47FD1}"
EndProject
Project("{FAE04EC0-301F-11D3-BF4B-00C04F79EFBC}") = "IPos.Order", "..\IPos.Order\IPos.Order.csproj", "{042AB446-B6C2-45ED-BDBA-E7A5384EFD81}"
EndProject
Project("{FAE04EC0-301F-11D3-BF4B-00C04F79EFBC}") = "IPos.Panels", "..\IPos.Panels\IPos.Panels.csproj", "{8CD87D97-3468-4543-9D26-55C335CC1B66}"
EndProject
Project("{FAE04EC0-301F-11D3-BF4B-00C04F79EFBC}") = "IPos.Schedule", "..\IPos.Schedule\IPos.Schedule.csproj", "{D0194F34-23FB-48D4-8C9B-18D80B029FD0}"
EndProject
Project("{FAE04EC0-301F-11D3-BF4B-00C04F79EFBC}") = "InfoPos.Contract", "..\InfoPos.Contract\InfoPos.Contract.csproj", "{FDF239EF-584A-4802-B6C2-0659360C93E3}"
EndProject
Project("{FAE04EC0-301F-11D3-BF4B-00C04F79EFBC}") = "IPos.Contract", "..\IPos.Contract\IPos.Contract.csproj", "{37E4ABBA-5C7B-45A6-B049-4DBBB489D9FD}"
EndProject
Project("{FAE04EC0-301F-11D3-BF4B-00C04F79EFBC}") = "InfoPos.Admin", "..\InfoPos.Admin\InfoPos.Admin.csproj", "{FA592A4D-061F-4782-8B99-439E89E393CC}"
EndProject
Global
	GlobalSection(SolutionConfigurationPlatforms) = preSolution
		Debug|Any CPU = Debug|Any CPU
		Debug|Mixed Platforms = Debug|Mixed Platforms
		Debug|x86 = Debug|x86
		Release|Any CPU = Release|Any CPU
		Release|Mixed Platforms = Release|Mixed Platforms
		Release|x86 = Release|x86
	EndGlobalSection
	GlobalSection(ProjectConfigurationPlatforms) = postSolution
		{7B5240CF-6AFE-4498-9FB3-A1F3496B7906}.Debug|Any CPU.ActiveCfg = Debug|x86
		{7B5240CF-6AFE-4498-9FB3-A1F3496B7906}.Debug|Mixed Platforms.ActiveCfg = Debug|x86
		{7B5240CF-6AFE-4498-9FB3-A1F3496B7906}.Debug|Mixed Platforms.Build.0 = Debug|x86
		{7B5240CF-6AFE-4498-9FB3-A1F3496B7906}.Debug|x86.ActiveCfg = Debug|x86
		{7B5240CF-6AFE-4498-9FB3-A1F3496B7906}.Debug|x86.Build.0 = Debug|x86
		{7B5240CF-6AFE-4498-9FB3-A1F3496B7906}.Release|Any CPU.ActiveCfg = Release|x86
		{7B5240CF-6AFE-4498-9FB3-A1F3496B7906}.Release|Mixed Platforms.ActiveCfg = Release|x86
		{7B5240CF-6AFE-4498-9FB3-A1F3496B7906}.Release|Mixed Platforms.Build.0 = Release|x86
		{7B5240CF-6AFE-4498-9FB3-A1F3496B7906}.Release|x86.ActiveCfg = Release|x86
		{7B5240CF-6AFE-4498-9FB3-A1F3496B7906}.Release|x86.Build.0 = Release|x86
		{C9AF5BB4-E9CF-4D97-95E1-1698F7B9C1EA}.Debug|Any CPU.ActiveCfg = Debug|Any CPU
		{C9AF5BB4-E9CF-4D97-95E1-1698F7B9C1EA}.Debug|Any CPU.Build.0 = Debug|Any CPU
		{C9AF5BB4-E9CF-4D97-95E1-1698F7B9C1EA}.Debug|Mixed Platforms.ActiveCfg = Debug|Any CPU
		{C9AF5BB4-E9CF-4D97-95E1-1698F7B9C1EA}.Debug|Mixed Platforms.Build.0 = Debug|Any CPU
		{C9AF5BB4-E9CF-4D97-95E1-1698F7B9C1EA}.Debug|x86.ActiveCfg = Debug|Any CPU
		{C9AF5BB4-E9CF-4D97-95E1-1698F7B9C1EA}.Release|Any CPU.ActiveCfg = Release|Any CPU
		{C9AF5BB4-E9CF-4D97-95E1-1698F7B9C1EA}.Release|Any CPU.Build.0 = Release|Any CPU
		{C9AF5BB4-E9CF-4D97-95E1-1698F7B9C1EA}.Release|Mixed Platforms.ActiveCfg = Release|Any CPU
		{C9AF5BB4-E9CF-4D97-95E1-1698F7B9C1EA}.Release|Mixed Platforms.Build.0 = Release|Any CPU
		{C9AF5BB4-E9CF-4D97-95E1-1698F7B9C1EA}.Release|x86.ActiveCfg = Release|Any CPU
		{F6D872EB-3950-4361-8EB8-B750E1BC7383}.Debug|Any CPU.ActiveCfg = Debug|Any CPU
		{F6D872EB-3950-4361-8EB8-B750E1BC7383}.Debug|Any CPU.Build.0 = Debug|Any CPU
		{F6D872EB-3950-4361-8EB8-B750E1BC7383}.Debug|Mixed Platforms.ActiveCfg = Debug|Any CPU
		{F6D872EB-3950-4361-8EB8-B750E1BC7383}.Debug|Mixed Platforms.Build.0 = Debug|Any CPU
		{F6D872EB-3950-4361-8EB8-B750E1BC7383}.Debug|x86.ActiveCfg = Debug|Any CPU
		{F6D872EB-3950-4361-8EB8-B750E1BC7383}.Release|Any CPU.ActiveCfg = Release|Any CPU
		{F6D872EB-3950-4361-8EB8-B750E1BC7383}.Release|Any CPU.Build.0 = Release|Any CPU
		{F6D872EB-3950-4361-8EB8-B750E1BC7383}.Release|Mixed Platforms.ActiveCfg = Release|Any CPU
		{F6D872EB-3950-4361-8EB8-B750E1BC7383}.Release|Mixed Platforms.Build.0 = Release|Any CPU
		{F6D872EB-3950-4361-8EB8-B750E1BC7383}.Release|x86.ActiveCfg = Release|Any CPU
		{627EFF80-FCE1-4E0D-92FA-32BCA0E2F978}.Debug|Any CPU.ActiveCfg = Debug|Any CPU
		{627EFF80-FCE1-4E0D-92FA-32BCA0E2F978}.Debug|Any CPU.Build.0 = Debug|Any CPU
		{627EFF80-FCE1-4E0D-92FA-32BCA0E2F978}.Debug|Mixed Platforms.ActiveCfg = Debug|Any CPU
		{627EFF80-FCE1-4E0D-92FA-32BCA0E2F978}.Debug|Mixed Platforms.Build.0 = Debug|Any CPU
		{627EFF80-FCE1-4E0D-92FA-32BCA0E2F978}.Debug|x86.ActiveCfg = Debug|Any CPU
		{627EFF80-FCE1-4E0D-92FA-32BCA0E2F978}.Release|Any CPU.ActiveCfg = Release|Any CPU
		{627EFF80-FCE1-4E0D-92FA-32BCA0E2F978}.Release|Any CPU.Build.0 = Release|Any CPU
		{627EFF80-FCE1-4E0D-92FA-32BCA0E2F978}.Release|Mixed Platforms.ActiveCfg = Release|Any CPU
		{627EFF80-FCE1-4E0D-92FA-32BCA0E2F978}.Release|Mixed Platforms.Build.0 = Release|Any CPU
		{627EFF80-FCE1-4E0D-92FA-32BCA0E2F978}.Release|x86.ActiveCfg = Release|Any CPU
		{C1AEE420-DCDF-4001-886E-61843B7938A8}.Debug|Any CPU.ActiveCfg = Debug|x86
		{C1AEE420-DCDF-4001-886E-61843B7938A8}.Debug|Mixed Platforms.ActiveCfg = Debug|x86
		{C1AEE420-DCDF-4001-886E-61843B7938A8}.Debug|Mixed Platforms.Build.0 = Debug|x86
		{C1AEE420-DCDF-4001-886E-61843B7938A8}.Debug|x86.ActiveCfg = Debug|x86
		{C1AEE420-DCDF-4001-886E-61843B7938A8}.Debug|x86.Build.0 = Debug|x86
		{C1AEE420-DCDF-4001-886E-61843B7938A8}.Release|Any CPU.ActiveCfg = Release|x86
		{C1AEE420-DCDF-4001-886E-61843B7938A8}.Release|Mixed Platforms.ActiveCfg = Release|x86
		{C1AEE420-DCDF-4001-886E-61843B7938A8}.Release|Mixed Platforms.Build.0 = Release|x86
		{C1AEE420-DCDF-4001-886E-61843B7938A8}.Release|x86.ActiveCfg = Release|x86
		{C1AEE420-DCDF-4001-886E-61843B7938A8}.Release|x86.Build.0 = Release|x86
		{F422E4EA-D98A-4D5C-8397-0BEA89F47FD1}.Debug|Any CPU.ActiveCfg = Debug|Any CPU
		{F422E4EA-D98A-4D5C-8397-0BEA89F47FD1}.Debug|Any CPU.Build.0 = Debug|Any CPU
		{F422E4EA-D98A-4D5C-8397-0BEA89F47FD1}.Debug|Mixed Platforms.ActiveCfg = Debug|Any CPU
		{F422E4EA-D98A-4D5C-8397-0BEA89F47FD1}.Debug|Mixed Platforms.Build.0 = Debug|Any CPU
		{F422E4EA-D98A-4D5C-8397-0BEA89F47FD1}.Debug|x86.ActiveCfg = Debug|Any CPU
		{F422E4EA-D98A-4D5C-8397-0BEA89F47FD1}.Release|Any CPU.ActiveCfg = Release|Any CPU
		{F422E4EA-D98A-4D5C-8397-0BEA89F47FD1}.Release|Any CPU.Build.0 = Release|Any CPU
		{F422E4EA-D98A-4D5C-8397-0BEA89F47FD1}.Release|Mixed Platforms.ActiveCfg = Release|Any CPU
		{F422E4EA-D98A-4D5C-8397-0BEA89F47FD1}.Release|Mixed Platforms.Build.0 = Release|Any CPU
		{F422E4EA-D98A-4D5C-8397-0BEA89F47FD1}.Release|x86.ActiveCfg = Release|Any CPU
		{042AB446-B6C2-45ED-BDBA-E7A5384EFD81}.Debug|Any CPU.ActiveCfg = Debug|Any CPU
		{042AB446-B6C2-45ED-BDBA-E7A5384EFD81}.Debug|Any CPU.Build.0 = Debug|Any CPU
		{042AB446-B6C2-45ED-BDBA-E7A5384EFD81}.Debug|Mixed Platforms.ActiveCfg = Debug|Any CPU
		{042AB446-B6C2-45ED-BDBA-E7A5384EFD81}.Debug|Mixed Platforms.Build.0 = Debug|Any CPU
		{042AB446-B6C2-45ED-BDBA-E7A5384EFD81}.Debug|x86.ActiveCfg = Debug|Any CPU
		{042AB446-B6C2-45ED-BDBA-E7A5384EFD81}.Release|Any CPU.ActiveCfg = Release|Any CPU
		{042AB446-B6C2-45ED-BDBA-E7A5384EFD81}.Release|Any CPU.Build.0 = Release|Any CPU
		{042AB446-B6C2-45ED-BDBA-E7A5384EFD81}.Release|Mixed Platforms.ActiveCfg = Release|Any CPU
		{042AB446-B6C2-45ED-BDBA-E7A5384EFD81}.Release|Mixed Platforms.Build.0 = Release|Any CPU
		{042AB446-B6C2-45ED-BDBA-E7A5384EFD81}.Release|x86.ActiveCfg = Release|Any CPU
		{8CD87D97-3468-4543-9D26-55C335CC1B66}.Debug|Any CPU.ActiveCfg = Debug|Any CPU
		{8CD87D97-3468-4543-9D26-55C335CC1B66}.Debug|Any CPU.Build.0 = Debug|Any CPU
		{8CD87D97-3468-4543-9D26-55C335CC1B66}.Debug|Mixed Platforms.ActiveCfg = Debug|Any CPU
		{8CD87D97-3468-4543-9D26-55C335CC1B66}.Debug|Mixed Platforms.Build.0 = Debug|Any CPU
		{8CD87D97-3468-4543-9D26-55C335CC1B66}.Debug|x86.ActiveCfg = Debug|Any CPU
		{8CD87D97-3468-4543-9D26-55C335CC1B66}.Release|Any CPU.ActiveCfg = Release|Any CPU
		{8CD87D97-3468-4543-9D26-55C335CC1B66}.Release|Any CPU.Build.0 = Release|Any CPU
		{8CD87D97-3468-4543-9D26-55C335CC1B66}.Release|Mixed Platforms.ActiveCfg = Release|Any CPU
		{8CD87D97-3468-4543-9D26-55C335CC1B66}.Release|Mixed Platforms.Build.0 = Release|Any CPU
		{8CD87D97-3468-4543-9D26-55C335CC1B66}.Release|x86.ActiveCfg = Release|Any CPU
		{D0194F34-23FB-48D4-8C9B-18D80B029FD0}.Debug|Any CPU.ActiveCfg = Debug|Any CPU
		{D0194F34-23FB-48D4-8C9B-18D80B029FD0}.Debug|Any CPU.Build.0 = Debug|Any CPU
		{D0194F34-23FB-48D4-8C9B-18D80B029FD0}.Debug|Mixed Platforms.ActiveCfg = Debug|Any CPU
		{D0194F34-23FB-48D4-8C9B-18D80B029FD0}.Debug|Mixed Platforms.Build.0 = Debug|Any CPU
		{D0194F34-23FB-48D4-8C9B-18D80B029FD0}.Debug|x86.ActiveCfg = Debug|Any CPU
		{D0194F34-23FB-48D4-8C9B-18D80B029FD0}.Release|Any CPU.ActiveCfg = Release|Any CPU
		{D0194F34-23FB-48D4-8C9B-18D80B029FD0}.Release|Any CPU.Build.0 = Release|Any CPU
		{D0194F34-23FB-48D4-8C9B-18D80B029FD0}.Release|Mixed Platforms.ActiveCfg = Release|Any CPU
		{D0194F34-23FB-48D4-8C9B-18D80B029FD0}.Release|Mixed Platforms.Build.0 = Release|Any CPU
		{D0194F34-23FB-48D4-8C9B-18D80B029FD0}.Release|x86.ActiveCfg = Release|Any CPU
		{FDF239EF-584A-4802-B6C2-0659360C93E3}.Debug|Any CPU.ActiveCfg = Debug|Any CPU
		{FDF239EF-584A-4802-B6C2-0659360C93E3}.Debug|Any CPU.Build.0 = Debug|Any CPU
		{FDF239EF-584A-4802-B6C2-0659360C93E3}.Debug|Mixed Platforms.ActiveCfg = Debug|Any CPU
		{FDF239EF-584A-4802-B6C2-0659360C93E3}.Debug|Mixed Platforms.Build.0 = Debug|Any CPU
		{FDF239EF-584A-4802-B6C2-0659360C93E3}.Debug|x86.ActiveCfg = Debug|Any CPU
		{FDF239EF-584A-4802-B6C2-0659360C93E3}.Release|Any CPU.ActiveCfg = Release|Any CPU
		{FDF239EF-584A-4802-B6C2-0659360C93E3}.Release|Any CPU.Build.0 = Release|Any CPU
		{FDF239EF-584A-4802-B6C2-0659360C93E3}.Release|Mixed Platforms.ActiveCfg = Release|Any CPU
		{FDF239EF-584A-4802-B6C2-0659360C93E3}.Release|Mixed Platforms.Build.0 = Release|Any CPU
		{FDF239EF-584A-4802-B6C2-0659360C93E3}.Release|x86.ActiveCfg = Release|Any CPU
		{37E4ABBA-5C7B-45A6-B049-4DBBB489D9FD}.Debug|Any CPU.ActiveCfg = Debug|Any CPU
		{37E4ABBA-5C7B-45A6-B049-4DBBB489D9FD}.Debug|Any CPU.Build.0 = Debug|Any CPU
		{37E4ABBA-5C7B-45A6-B049-4DBBB489D9FD}.Debug|Mixed Platforms.ActiveCfg = Debug|Any CPU
		{37E4ABBA-5C7B-45A6-B049-4DBBB489D9FD}.Debug|Mixed Platforms.Build.0 = Debug|Any CPU
		{37E4ABBA-5C7B-45A6-B049-4DBBB489D9FD}.Debug|x86.ActiveCfg = Debug|Any CPU
		{37E4ABBA-5C7B-45A6-B049-4DBBB489D9FD}.Release|Any CPU.ActiveCfg = Release|Any CPU
		{37E4ABBA-5C7B-45A6-B049-4DBBB489D9FD}.Release|Any CPU.Build.0 = Release|Any CPU
		{37E4ABBA-5C7B-45A6-B049-4DBBB489D9FD}.Release|Mixed Platforms.ActiveCfg = Release|Any CPU
		{37E4ABBA-5C7B-45A6-B049-4DBBB489D9FD}.Release|Mixed Platforms.Build.0 = Release|Any CPU
		{37E4ABBA-5C7B-45A6-B049-4DBBB489D9FD}.Release|x86.ActiveCfg = Release|Any CPU
		{FA592A4D-061F-4782-8B99-439E89E393CC}.Debug|Any CPU.ActiveCfg = Debug|x86
		{FA592A4D-061F-4782-8B99-439E89E393CC}.Debug|Mixed Platforms.ActiveCfg = Debug|x86
		{FA592A4D-061F-4782-8B99-439E89E393CC}.Debug|Mixed Platforms.Build.0 = Debug|x86
		{FA592A4D-061F-4782-8B99-439E89E393CC}.Debug|x86.ActiveCfg = Debug|x86
		{FA592A4D-061F-4782-8B99-439E89E393CC}.Debug|x86.Build.0 = Debug|x86
		{FA592A4D-061F-4782-8B99-439E89E393CC}.Release|Any CPU.ActiveCfg = Release|x86
		{FA592A4D-061F-4782-8B99-439E89E393CC}.Release|Mixed Platforms.ActiveCfg = Release|x86
		{FA592A4D-061F-4782-8B99-439E89E393CC}.Release|Mixed Platforms.Build.0 = Release|x86
		{FA592A4D-061F-4782-8B99-439E89E393CC}.Release|x86.ActiveCfg = Release|x86
		{FA592A4D-061F-4782-8B99-439E89E393CC}.Release|x86.Build.0 = Release|x86
	EndGlobalSection
	GlobalSection(SolutionProperties) = preSolution
		HideSolutionNode = FALSE
	EndGlobalSection
EndGlobal
