
Microsoft Visual Studio Solution File, Format Version 11.00
# Visual Studio 2010
Project("{FAE04EC0-301F-11D3-BF4B-00C04F79EFBC}") = "HeavenPro.Customer", "HeavenPro.Customer.csproj", "{317C0D04-367F-4331-84EF-1FF344DEA62F}"
EndProject
Project("{FAE04EC0-301F-11D3-BF4B-00C04F79EFBC}") = "HPro.Customer", "D:\Insurance\Source\HPro.Customer\HPro.Customer.csproj", "{8A8828E8-3C20-4C9C-B97E-CC3B2555AA76}"
EndProject
Project("{FAE04EC0-301F-11D3-BF4B-00C04F79EFBC}") = "HeavenPro.Issue", "D:\Insurance\Source\HeavenPro.Issue\HeavenPro.Issue.csproj", "{1B7986DA-74B6-4B82-945B-0E0B3D1FB6FA}"
EndProject
Project("{FAE04EC0-301F-11D3-BF4B-00C04F79EFBC}") = "Hpro.Issue", "D:\Insurance\Source\Hpro.Issue\Hpro.Issue.csproj", "{789F152B-5B53-4623-B379-CB1D97D6A86D}"
EndProject
Project("{FAE04EC0-301F-11D3-BF4B-00C04F79EFBC}") = "HPro.List", "D:\Insurance\Source\HPro.List\HPro.List.csproj", "{715F140D-65A4-41BF-AEF6-6F73FEC38669}"
EndProject
Global
	GlobalSection(SolutionConfigurationPlatforms) = preSolution
		Debug|Any CPU = Debug|Any CPU
		Debug|Mixed Platforms = Debug|Mixed Platforms
		Debug|x86 = Debug|x86
		Release|Any CPU = Release|Any CPU
		Release|Mixed Platforms = Release|Mixed Platforms
		Release|x86 = Release|x86
	EndGlobalSection
	GlobalSection(ProjectConfigurationPlatforms) = postSolution
		{317C0D04-367F-4331-84EF-1FF344DEA62F}.Debug|Any CPU.ActiveCfg = Debug|Any CPU
		{317C0D04-367F-4331-84EF-1FF344DEA62F}.Debug|Any CPU.Build.0 = Debug|Any CPU
		{317C0D04-367F-4331-84EF-1FF344DEA62F}.Debug|Mixed Platforms.ActiveCfg = Debug|Any CPU
		{317C0D04-367F-4331-84EF-1FF344DEA62F}.Debug|Mixed Platforms.Build.0 = Debug|Any CPU
		{317C0D04-367F-4331-84EF-1FF344DEA62F}.Debug|x86.ActiveCfg = Debug|Any CPU
		{317C0D04-367F-4331-84EF-1FF344DEA62F}.Release|Any CPU.ActiveCfg = Release|Any CPU
		{317C0D04-367F-4331-84EF-1FF344DEA62F}.Release|Any CPU.Build.0 = Release|Any CPU
		{317C0D04-367F-4331-84EF-1FF344DEA62F}.Release|Mixed Platforms.ActiveCfg = Release|Any CPU
		{317C0D04-367F-4331-84EF-1FF344DEA62F}.Release|Mixed Platforms.Build.0 = Release|Any CPU
		{317C0D04-367F-4331-84EF-1FF344DEA62F}.Release|x86.ActiveCfg = Release|Any CPU
		{8A8828E8-3C20-4C9C-B97E-CC3B2555AA76}.Debug|Any CPU.ActiveCfg = Debug|Any CPU
		{8A8828E8-3C20-4C9C-B97E-CC3B2555AA76}.Debug|Any CPU.Build.0 = Debug|Any CPU
		{8A8828E8-3C20-4C9C-B97E-CC3B2555AA76}.Debug|Mixed Platforms.ActiveCfg = Debug|Any CPU
		{8A8828E8-3C20-4C9C-B97E-CC3B2555AA76}.Debug|Mixed Platforms.Build.0 = Debug|Any CPU
		{8A8828E8-3C20-4C9C-B97E-CC3B2555AA76}.Debug|x86.ActiveCfg = Debug|Any CPU
		{8A8828E8-3C20-4C9C-B97E-CC3B2555AA76}.Release|Any CPU.ActiveCfg = Release|Any CPU
		{8A8828E8-3C20-4C9C-B97E-CC3B2555AA76}.Release|Any CPU.Build.0 = Release|Any CPU
		{8A8828E8-3C20-4C9C-B97E-CC3B2555AA76}.Release|Mixed Platforms.ActiveCfg = Release|Any CPU
		{8A8828E8-3C20-4C9C-B97E-CC3B2555AA76}.Release|Mixed Platforms.Build.0 = Release|Any CPU
		{8A8828E8-3C20-4C9C-B97E-CC3B2555AA76}.Release|x86.ActiveCfg = Release|Any CPU
		{1B7986DA-74B6-4B82-945B-0E0B3D1FB6FA}.Debug|Any CPU.ActiveCfg = Debug|x86
		{1B7986DA-74B6-4B82-945B-0E0B3D1FB6FA}.Debug|Mixed Platforms.ActiveCfg = Debug|x86
		{1B7986DA-74B6-4B82-945B-0E0B3D1FB6FA}.Debug|Mixed Platforms.Build.0 = Debug|x86
		{1B7986DA-74B6-4B82-945B-0E0B3D1FB6FA}.Debug|x86.ActiveCfg = Debug|x86
		{1B7986DA-74B6-4B82-945B-0E0B3D1FB6FA}.Debug|x86.Build.0 = Debug|x86
		{1B7986DA-74B6-4B82-945B-0E0B3D1FB6FA}.Release|Any CPU.ActiveCfg = Release|x86
		{1B7986DA-74B6-4B82-945B-0E0B3D1FB6FA}.Release|Mixed Platforms.ActiveCfg = Release|x86
		{1B7986DA-74B6-4B82-945B-0E0B3D1FB6FA}.Release|Mixed Platforms.Build.0 = Release|x86
		{1B7986DA-74B6-4B82-945B-0E0B3D1FB6FA}.Release|x86.ActiveCfg = Release|x86
		{1B7986DA-74B6-4B82-945B-0E0B3D1FB6FA}.Release|x86.Build.0 = Release|x86
		{789F152B-5B53-4623-B379-CB1D97D6A86D}.Debug|Any CPU.ActiveCfg = Debug|Any CPU
		{789F152B-5B53-4623-B379-CB1D97D6A86D}.Debug|Any CPU.Build.0 = Debug|Any CPU
		{789F152B-5B53-4623-B379-CB1D97D6A86D}.Debug|Mixed Platforms.ActiveCfg = Debug|Any CPU
		{789F152B-5B53-4623-B379-CB1D97D6A86D}.Debug|Mixed Platforms.Build.0 = Debug|Any CPU
		{789F152B-5B53-4623-B379-CB1D97D6A86D}.Debug|x86.ActiveCfg = Debug|Any CPU
		{789F152B-5B53-4623-B379-CB1D97D6A86D}.Release|Any CPU.ActiveCfg = Release|Any CPU
		{789F152B-5B53-4623-B379-CB1D97D6A86D}.Release|Any CPU.Build.0 = Release|Any CPU
		{789F152B-5B53-4623-B379-CB1D97D6A86D}.Release|Mixed Platforms.ActiveCfg = Release|Any CPU
		{789F152B-5B53-4623-B379-CB1D97D6A86D}.Release|Mixed Platforms.Build.0 = Release|Any CPU
		{789F152B-5B53-4623-B379-CB1D97D6A86D}.Release|x86.ActiveCfg = Release|Any CPU
		{715F140D-65A4-41BF-AEF6-6F73FEC38669}.Debug|Any CPU.ActiveCfg = Debug|Any CPU
		{715F140D-65A4-41BF-AEF6-6F73FEC38669}.Debug|Any CPU.Build.0 = Debug|Any CPU
		{715F140D-65A4-41BF-AEF6-6F73FEC38669}.Debug|Mixed Platforms.ActiveCfg = Debug|Any CPU
		{715F140D-65A4-41BF-AEF6-6F73FEC38669}.Debug|Mixed Platforms.Build.0 = Debug|Any CPU
		{715F140D-65A4-41BF-AEF6-6F73FEC38669}.Debug|x86.ActiveCfg = Debug|Any CPU
		{715F140D-65A4-41BF-AEF6-6F73FEC38669}.Release|Any CPU.ActiveCfg = Release|Any CPU
		{715F140D-65A4-41BF-AEF6-6F73FEC38669}.Release|Any CPU.Build.0 = Release|Any CPU
		{715F140D-65A4-41BF-AEF6-6F73FEC38669}.Release|Mixed Platforms.ActiveCfg = Release|Any CPU
		{715F140D-65A4-41BF-AEF6-6F73FEC38669}.Release|Mixed Platforms.Build.0 = Release|Any CPU
		{715F140D-65A4-41BF-AEF6-6F73FEC38669}.Release|x86.ActiveCfg = Release|Any CPU
	EndGlobalSection
	GlobalSection(SolutionProperties) = preSolution
		HideSolutionNode = FALSE
	EndGlobalSection
EndGlobal
